
Microsoft Visual Studio Solution File, Format Version 12.00
# Visual Studio Version 17
VisualStudioVersion = 17.5.33414.496
MinimumVisualStudioVersion = 10.0.40219.1
Project("{00D1A9C2-B5F0-4AF3-8072-F6C62B433612}") = "MinimalApi.Database", "MinimalApi.Database\MinimalApi.Database.sqlproj", "{178AE085-4036-4DBC-B496-1C68BD171F2A}"
EndProject
Project("{9A19103F-16F7-4668-BE54-9A1E7A4F7556}") = "MinimalApi.DataAccess", "MinimalApi.DataAccess\MinimalApi.DataAccess.csproj", "{51EA7AD6-E543-46F6-B9D2-AB143D28250A}"
EndProject
Project("{9A19103F-16F7-4668-BE54-9A1E7A4F7556}") = "MinimalApi.Api", "MinimalApi.Api\MinimalApi.Api.csproj", "{FC25298F-68F2-4F26-A089-DB772D4C6CDA}"
EndProject
Project("{FAE04EC0-301F-11D3-BF4B-00C04F79EFBC}") = "MinimalApi.Tests", "MinimalApi.Tests\MinimalApi.Tests.csproj", "{4A2C8899-9219-4BA4-B7D9-C3FC03F5DA19}"
EndProject
Global
	GlobalSection(SolutionConfigurationPlatforms) = preSolution
		Debug|Any CPU = Debug|Any CPU
		Release|Any CPU = Release|Any CPU
	EndGlobalSection
	GlobalSection(ProjectConfigurationPlatforms) = postSolution
		{178AE085-4036-4DBC-B496-1C68BD171F2A}.Debug|Any CPU.ActiveCfg = Debug|Any CPU
		{178AE085-4036-4DBC-B496-1C68BD171F2A}.Debug|Any CPU.Build.0 = Debug|Any CPU
		{178AE085-4036-4DBC-B496-1C68BD171F2A}.Debug|Any CPU.Deploy.0 = Debug|Any CPU
		{178AE085-4036-4DBC-B496-1C68BD171F2A}.Release|Any CPU.ActiveCfg = Release|Any CPU
		{178AE085-4036-4DBC-B496-1C68BD171F2A}.Release|Any CPU.Build.0 = Release|Any CPU
		{178AE085-4036-4DBC-B496-1C68BD171F2A}.Release|Any CPU.Deploy.0 = Release|Any CPU
		{51EA7AD6-E543-46F6-B9D2-AB143D28250A}.Debug|Any CPU.ActiveCfg = Debug|Any CPU
		{51EA7AD6-E543-46F6-B9D2-AB143D28250A}.Debug|Any CPU.Build.0 = Debug|Any CPU
		{51EA7AD6-E543-46F6-B9D2-AB143D28250A}.Release|Any CPU.ActiveCfg = Release|Any CPU
		{51EA7AD6-E543-46F6-B9D2-AB143D28250A}.Release|Any CPU.Build.0 = Release|Any CPU
		{FC25298F-68F2-4F26-A089-DB772D4C6CDA}.Debug|Any CPU.ActiveCfg = Debug|Any CPU
		{FC25298F-68F2-4F26-A089-DB772D4C6CDA}.Debug|Any CPU.Build.0 = Debug|Any CPU
		{FC25298F-68F2-4F26-A089-DB772D4C6CDA}.Release|Any CPU.ActiveCfg = Release|Any CPU
		{FC25298F-68F2-4F26-A089-DB772D4C6CDA}.Release|Any CPU.Build.0 = Release|Any CPU
		{4A2C8899-9219-4BA4-B7D9-C3FC03F5DA19}.Debug|Any CPU.ActiveCfg = Debug|Any CPU
		{4A2C8899-9219-4BA4-B7D9-C3FC03F5DA19}.Debug|Any CPU.Build.0 = Debug|Any CPU
		{4A2C8899-9219-4BA4-B7D9-C3FC03F5DA19}.Release|Any CPU.ActiveCfg = Release|Any CPU
		{4A2C8899-9219-4BA4-B7D9-C3FC03F5DA19}.Release|Any CPU.Build.0 = Release|Any CPU
	EndGlobalSection
	GlobalSection(SolutionProperties) = preSolution
		HideSolutionNode = FALSE
	EndGlobalSection
	GlobalSection(ExtensibilityGlobals) = postSolution
		SolutionGuid = {677F8804-4DF7-477E-9E6B-001030ED95C7}
	EndGlobalSection
EndGlobal
